
Microsoft Visual Studio Solution File, Format Version 12.00
# Visual Studio Version 17
VisualStudioVersion = 17.5.33502.453
MinimumVisualStudioVersion = 10.0.40219.1
Project("{FAE04EC0-301F-11D3-BF4B-00C04F79EFBC}") = "interview", "interview.csproj", "{D2DBB30C-448A-4B34-8A4B-6DC516DB5ABC}"
EndProject
Global
	GlobalSection(SolutionConfigurationPlatforms) = preSolution
		Debug|Any CPU = Debug|Any CPU
		Release|Any CPU = Release|Any CPU
	EndGlobalSection
	GlobalSection(ProjectConfigurationPlatforms) = postSolution
		{D2DBB30C-448A-4B34-8A4B-6DC516DB5ABC}.Debug|Any CPU.ActiveCfg = Debug|Any CPU
		{D2DBB30C-448A-4B34-8A4B-6DC516DB5ABC}.Debug|Any CPU.Build.0 = Debug|Any CPU
		{D2DBB30C-448A-4B34-8A4B-6DC516DB5ABC}.Release|Any CPU.ActiveCfg = Release|Any CPU
		{D2DBB30C-448A-4B34-8A4B-6DC516DB5ABC}.Release|Any CPU.Build.0 = Release|Any CPU
	EndGlobalSection
	GlobalSection(SolutionProperties) = preSolution
		HideSolutionNode = FALSE
	EndGlobalSection
	GlobalSection(ExtensibilityGlobals) = postSolution
		SolutionGuid = {B7D912EB-B89B-4917-986F-ACF5F59822E2}
	EndGlobalSection
EndGlobal
